
Microsoft Visual Studio Solution File, Format Version 12.00
# Visual Studio Version 17
VisualStudioVersion = 17.0.32112.339
MinimumVisualStudioVersion = 10.0.40219.1
Project("{9A19103F-16F7-4668-BE54-9A1E7A4F7556}") = "NetflixServer.Business", "NetflixServer.Business\NetflixServer.Business.csproj", "{350E0566-ACF0-4C68-849B-A874295BCC51}"
EndProject
Project("{9A19103F-16F7-4668-BE54-9A1E7A4F7556}") = "NetflixServer.DbUp", "NetflixServer.DbUp\NetflixServer.DbUp.csproj", "{4BE5D35A-D1D0-404B-AE39-DBDCF4EF79C7}"
EndProject
Project("{9A19103F-16F7-4668-BE54-9A1E7A4F7556}") = "NetflixServer.Resources", "NetflixServer.Resources\NetflixServer.Resources.csproj", "{A8E77482-76D0-46E5-AB66-CA0B2CCEE6B2}"
EndProject
Project("{9A19103F-16F7-4668-BE54-9A1E7A4F7556}") = "NetflixServer.Api", "NetflixServer.Api\NetflixServer.Api.csproj", "{590DACE2-FEBF-4FE8-978D-0841BFBD2C9A}"
EndProject
Project("{FAE04EC0-301F-11D3-BF4B-00C04F79EFBC}") = "NetflixServer.NServiceBus", "NetflixServer.NServiceBus\NetflixServer.NServiceBus.csproj", "{44BA0509-AACB-4C15-967F-8D23B447BB00}"
EndProject
Global
	GlobalSection(SolutionConfigurationPlatforms) = preSolution
		Debug|Any CPU = Debug|Any CPU
		Release|Any CPU = Release|Any CPU
	EndGlobalSection
	GlobalSection(ProjectConfigurationPlatforms) = postSolution
		{350E0566-ACF0-4C68-849B-A874295BCC51}.Debug|Any CPU.ActiveCfg = Debug|Any CPU
		{350E0566-ACF0-4C68-849B-A874295BCC51}.Debug|Any CPU.Build.0 = Debug|Any CPU
		{350E0566-ACF0-4C68-849B-A874295BCC51}.Release|Any CPU.ActiveCfg = Release|Any CPU
		{350E0566-ACF0-4C68-849B-A874295BCC51}.Release|Any CPU.Build.0 = Release|Any CPU
		{4BE5D35A-D1D0-404B-AE39-DBDCF4EF79C7}.Debug|Any CPU.ActiveCfg = Debug|Any CPU
		{4BE5D35A-D1D0-404B-AE39-DBDCF4EF79C7}.Debug|Any CPU.Build.0 = Debug|Any CPU
		{4BE5D35A-D1D0-404B-AE39-DBDCF4EF79C7}.Release|Any CPU.ActiveCfg = Release|Any CPU
		{4BE5D35A-D1D0-404B-AE39-DBDCF4EF79C7}.Release|Any CPU.Build.0 = Release|Any CPU
		{A8E77482-76D0-46E5-AB66-CA0B2CCEE6B2}.Debug|Any CPU.ActiveCfg = Debug|Any CPU
		{A8E77482-76D0-46E5-AB66-CA0B2CCEE6B2}.Debug|Any CPU.Build.0 = Debug|Any CPU
		{A8E77482-76D0-46E5-AB66-CA0B2CCEE6B2}.Release|Any CPU.ActiveCfg = Release|Any CPU
		{A8E77482-76D0-46E5-AB66-CA0B2CCEE6B2}.Release|Any CPU.Build.0 = Release|Any CPU
		{590DACE2-FEBF-4FE8-978D-0841BFBD2C9A}.Debug|Any CPU.ActiveCfg = Debug|Any CPU
		{590DACE2-FEBF-4FE8-978D-0841BFBD2C9A}.Debug|Any CPU.Build.0 = Debug|Any CPU
		{590DACE2-FEBF-4FE8-978D-0841BFBD2C9A}.Release|Any CPU.ActiveCfg = Release|Any CPU
		{590DACE2-FEBF-4FE8-978D-0841BFBD2C9A}.Release|Any CPU.Build.0 = Release|Any CPU
		{44BA0509-AACB-4C15-967F-8D23B447BB00}.Debug|Any CPU.ActiveCfg = Debug|Any CPU
		{44BA0509-AACB-4C15-967F-8D23B447BB00}.Debug|Any CPU.Build.0 = Debug|Any CPU
		{44BA0509-AACB-4C15-967F-8D23B447BB00}.Release|Any CPU.ActiveCfg = Release|Any CPU
		{44BA0509-AACB-4C15-967F-8D23B447BB00}.Release|Any CPU.Build.0 = Release|Any CPU
	EndGlobalSection
	GlobalSection(SolutionProperties) = preSolution
		HideSolutionNode = FALSE
	EndGlobalSection
	GlobalSection(ExtensibilityGlobals) = postSolution
		SolutionGuid = {9C0D4A99-4D2C-4A62-BA0A-A91382019E52}
	EndGlobalSection
EndGlobal
